
Microsoft Visual Studio Solution File, Format Version 12.00
# Visual Studio 15
VisualStudioVersion = 15.0.27703.2042
MinimumVisualStudioVersion = 10.0.40219.1
Project("{2150E333-8FDC-42A3-9474-1A3956D46DE8}") = "Serivces", "Serivces", "{3D1BB81F-FA30-4DB7-9B26-EFB6339C0753}"
EndProject
Project("{2150E333-8FDC-42A3-9474-1A3956D46DE8}") = "Areas", "Areas", "{1D436349-67B0-4DD1-858D-6E2F8C93F78D}"
EndProject
Project("{FAE04EC0-301F-11D3-BF4B-00C04F79EFBC}") = "KMSD.WebApp.Service", "KMSD.WebApp.Service\KMSD.WebApp.Service.csproj", "{FC37FA10-3511-410F-ADB4-9F81D6A8879B}"
EndProject
Project("{FAE04EC0-301F-11D3-BF4B-00C04F79EFBC}") = "KMSD.WebApp.Core", "KMSD.WebApp.Core\KMSD.WebApp.Core.csproj", "{E67C1A40-1B27-4D04-9275-65AD16BC244E}"
EndProject
Project("{FAE04EC0-301F-11D3-BF4B-00C04F79EFBC}") = "KMSD.WebApp.Mvc", "KMSD.WebApp.MVC\KMSD.WebApp.Mvc.csproj", "{86B752E1-1991-42B5-83AB-1108051A1689}"
EndProject
Project("{2150E333-8FDC-42A3-9474-1A3956D46DE8}") = "Tests", "Tests", "{950423F4-4D14-41E7-8B3C-DB711D78EE78}"
EndProject
Project("{FAE04EC0-301F-11D3-BF4B-00C04F79EFBC}") = "KMSD.WebApp.Areas.Member", "KMSD.WebApp.Areas.Member\KMSD.WebApp.Areas.Member.csproj", "{0FA077FC-F185-4079-A986-D0116AE54358}"
EndProject
Project("{FAE04EC0-301F-11D3-BF4B-00C04F79EFBC}") = "KMSD.WebApp.Areas.Store", "KMSD.WebApp.Areas.Store\KMSD.WebApp.Areas.Store.csproj", "{4D75432C-F354-4F13-8976-EC218641DBF1}"
EndProject
Project("{FAE04EC0-301F-11D3-BF4B-00C04F79EFBC}") = "KMSD.WebApp.Domain", "KMSD.WebApp.Domain\KMSD.WebApp.Domain.csproj", "{A62927D4-DCA6-483C-A46A-3C0EF62E9780}"
EndProject
Project("{FAE04EC0-301F-11D3-BF4B-00C04F79EFBC}") = "KMSD.WebApp.Repository", "KMSD.WebApp.Repository\KMSD.WebApp.Repository.csproj", "{0FF9EAA9-B04F-408B-B884-15EC69AAB431}"
EndProject
Project("{2150E333-8FDC-42A3-9474-1A3956D46DE8}") = "UnusalUsing", "UnusalUsing", "{49364674-F780-4E61-8C83-C3D593925C7A}"
EndProject
Project("{FAE04EC0-301F-11D3-BF4B-00C04F79EFBC}") = "KMSD.WebApp.Log", "KMSD.WebApp.Log\KMSD.WebApp.Log.csproj", "{0DEB6B8D-9EF4-4BD9-AD1E-F164356AE124}"
EndProject
Project("{FAE04EC0-301F-11D3-BF4B-00C04F79EFBC}") = "KMSD.WebApp.Web", "KMSD.WebApp.Web\KMSD.WebApp.Web.csproj", "{20ED4D96-E0E7-4075-8997-32F8E0699828}"
EndProject
Project("{FAE04EC0-301F-11D3-BF4B-00C04F79EFBC}") = "KMSD.WebApp.Data.EF", "KMSD.WebApp.Data.EF\KMSD.WebApp.Data.EF.csproj", "{29E26509-C212-4943-BE37-12AE5B729E00}"
EndProject
Project("{FAE04EC0-301F-11D3-BF4B-00C04F79EFBC}") = "KMSD.WebApp.Data", "KMSD.WebApp.Data\KMSD.WebApp.Data.csproj", "{F9EC21E1-A443-4443-891C-373B11FB687E}"
EndProject
Project("{FAE04EC0-301F-11D3-BF4B-00C04F79EFBC}") = "KMSD.WebApp.MvcTests", "KMSD.WebApp.MvcTests\KMSD.WebApp.MvcTests.csproj", "{A513E59D-1A9F-4A41-83EC-992051423DBB}"
EndProject
Project("{FAE04EC0-301F-11D3-BF4B-00C04F79EFBC}") = "KMSD.WebApp.CodeGenerator", "KMSD.WebApp.CodeGenerator\KMSD.WebApp.CodeGenerator.csproj", "{62B330A5-1964-49B6-957B-CCF8948920F3}"
EndProject
Project("{2150E333-8FDC-42A3-9474-1A3956D46DE8}") = "JobScheduler", "JobScheduler", "{C093489C-DE20-4A54-8E9F-64F63035229E}"
EndProject
Project("{FAE04EC0-301F-11D3-BF4B-00C04F79EFBC}") = "KMSD.WebApp.JobScheduler", "KMSD.WebApp.JobScheduler\KMSD.WebApp.JobScheduler.csproj", "{9255917A-E4C8-4D0F-B841-75410E47F987}"
EndProject
Project("{FAE04EC0-301F-11D3-BF4B-00C04F79EFBC}") = "KMSD.WebApp.Job.Manage", "KMSD.WebApp.Job.Manage\KMSD.WebApp.Job.Manage.csproj", "{D90003A2-D6AA-4355-A00F-E4B6F9479FF2}"
EndProject
Project("{2150E333-8FDC-42A3-9474-1A3956D46DE8}") = "Message", "Message", "{6136AF21-8792-4531-BCE4-B3F2FAED6BF2}"
EndProject
Project("{FAE04EC0-301F-11D3-BF4B-00C04F79EFBC}") = "KMSD.WebApp.MQ", "KMSD.WebApp.MQ\KMSD.WebApp.MQ.csproj", "{F7B4CE82-1779-470C-B61A-6A287A2F4A08}"
EndProject
Global
	GlobalSection(SolutionConfigurationPlatforms) = preSolution
		Debug|Any CPU = Debug|Any CPU
		Release|Any CPU = Release|Any CPU
	EndGlobalSection
	GlobalSection(ProjectConfigurationPlatforms) = postSolution
		{FC37FA10-3511-410F-ADB4-9F81D6A8879B}.Debug|Any CPU.ActiveCfg = Debug|Any CPU
		{FC37FA10-3511-410F-ADB4-9F81D6A8879B}.Debug|Any CPU.Build.0 = Debug|Any CPU
		{FC37FA10-3511-410F-ADB4-9F81D6A8879B}.Release|Any CPU.ActiveCfg = Release|Any CPU
		{FC37FA10-3511-410F-ADB4-9F81D6A8879B}.Release|Any CPU.Build.0 = Release|Any CPU
		{E67C1A40-1B27-4D04-9275-65AD16BC244E}.Debug|Any CPU.ActiveCfg = Debug|Any CPU
		{E67C1A40-1B27-4D04-9275-65AD16BC244E}.Debug|Any CPU.Build.0 = Debug|Any CPU
		{E67C1A40-1B27-4D04-9275-65AD16BC244E}.Release|Any CPU.ActiveCfg = Release|Any CPU
		{E67C1A40-1B27-4D04-9275-65AD16BC244E}.Release|Any CPU.Build.0 = Release|Any CPU
		{86B752E1-1991-42B5-83AB-1108051A1689}.Debug|Any CPU.ActiveCfg = Debug|Any CPU
		{86B752E1-1991-42B5-83AB-1108051A1689}.Debug|Any CPU.Build.0 = Debug|Any CPU
		{86B752E1-1991-42B5-83AB-1108051A1689}.Release|Any CPU.ActiveCfg = Release|Any CPU
		{86B752E1-1991-42B5-83AB-1108051A1689}.Release|Any CPU.Build.0 = Release|Any CPU
		{0FA077FC-F185-4079-A986-D0116AE54358}.Debug|Any CPU.ActiveCfg = Debug|Any CPU
		{0FA077FC-F185-4079-A986-D0116AE54358}.Debug|Any CPU.Build.0 = Debug|Any CPU
		{0FA077FC-F185-4079-A986-D0116AE54358}.Release|Any CPU.ActiveCfg = Release|Any CPU
		{0FA077FC-F185-4079-A986-D0116AE54358}.Release|Any CPU.Build.0 = Release|Any CPU
		{4D75432C-F354-4F13-8976-EC218641DBF1}.Debug|Any CPU.ActiveCfg = Debug|Any CPU
		{4D75432C-F354-4F13-8976-EC218641DBF1}.Debug|Any CPU.Build.0 = Debug|Any CPU
		{4D75432C-F354-4F13-8976-EC218641DBF1}.Release|Any CPU.ActiveCfg = Release|Any CPU
		{4D75432C-F354-4F13-8976-EC218641DBF1}.Release|Any CPU.Build.0 = Release|Any CPU
		{A62927D4-DCA6-483C-A46A-3C0EF62E9780}.Debug|Any CPU.ActiveCfg = Debug|Any CPU
		{A62927D4-DCA6-483C-A46A-3C0EF62E9780}.Debug|Any CPU.Build.0 = Debug|Any CPU
		{A62927D4-DCA6-483C-A46A-3C0EF62E9780}.Release|Any CPU.ActiveCfg = Release|Any CPU
		{A62927D4-DCA6-483C-A46A-3C0EF62E9780}.Release|Any CPU.Build.0 = Release|Any CPU
		{0FF9EAA9-B04F-408B-B884-15EC69AAB431}.Debug|Any CPU.ActiveCfg = Debug|Any CPU
		{0FF9EAA9-B04F-408B-B884-15EC69AAB431}.Debug|Any CPU.Build.0 = Debug|Any CPU
		{0FF9EAA9-B04F-408B-B884-15EC69AAB431}.Release|Any CPU.ActiveCfg = Release|Any CPU
		{0FF9EAA9-B04F-408B-B884-15EC69AAB431}.Release|Any CPU.Build.0 = Release|Any CPU
		{0DEB6B8D-9EF4-4BD9-AD1E-F164356AE124}.Debug|Any CPU.ActiveCfg = Debug|Any CPU
		{0DEB6B8D-9EF4-4BD9-AD1E-F164356AE124}.Debug|Any CPU.Build.0 = Debug|Any CPU
		{0DEB6B8D-9EF4-4BD9-AD1E-F164356AE124}.Release|Any CPU.ActiveCfg = Release|Any CPU
		{0DEB6B8D-9EF4-4BD9-AD1E-F164356AE124}.Release|Any CPU.Build.0 = Release|Any CPU
		{20ED4D96-E0E7-4075-8997-32F8E0699828}.Debug|Any CPU.ActiveCfg = Debug|Any CPU
		{20ED4D96-E0E7-4075-8997-32F8E0699828}.Debug|Any CPU.Build.0 = Debug|Any CPU
		{20ED4D96-E0E7-4075-8997-32F8E0699828}.Release|Any CPU.ActiveCfg = Release|Any CPU
		{20ED4D96-E0E7-4075-8997-32F8E0699828}.Release|Any CPU.Build.0 = Release|Any CPU
		{29E26509-C212-4943-BE37-12AE5B729E00}.Debug|Any CPU.ActiveCfg = Debug|Any CPU
		{29E26509-C212-4943-BE37-12AE5B729E00}.Debug|Any CPU.Build.0 = Debug|Any CPU
		{29E26509-C212-4943-BE37-12AE5B729E00}.Release|Any CPU.ActiveCfg = Release|Any CPU
		{29E26509-C212-4943-BE37-12AE5B729E00}.Release|Any CPU.Build.0 = Release|Any CPU
		{F9EC21E1-A443-4443-891C-373B11FB687E}.Debug|Any CPU.ActiveCfg = Debug|Any CPU
		{F9EC21E1-A443-4443-891C-373B11FB687E}.Debug|Any CPU.Build.0 = Debug|Any CPU
		{F9EC21E1-A443-4443-891C-373B11FB687E}.Release|Any CPU.ActiveCfg = Release|Any CPU
		{F9EC21E1-A443-4443-891C-373B11FB687E}.Release|Any CPU.Build.0 = Release|Any CPU
		{A513E59D-1A9F-4A41-83EC-992051423DBB}.Debug|Any CPU.ActiveCfg = Debug|Any CPU
		{A513E59D-1A9F-4A41-83EC-992051423DBB}.Debug|Any CPU.Build.0 = Debug|Any CPU
		{A513E59D-1A9F-4A41-83EC-992051423DBB}.Release|Any CPU.ActiveCfg = Release|Any CPU
		{A513E59D-1A9F-4A41-83EC-992051423DBB}.Release|Any CPU.Build.0 = Release|Any CPU
		{62B330A5-1964-49B6-957B-CCF8948920F3}.Debug|Any CPU.ActiveCfg = Debug|Any CPU
		{62B330A5-1964-49B6-957B-CCF8948920F3}.Debug|Any CPU.Build.0 = Debug|Any CPU
		{62B330A5-1964-49B6-957B-CCF8948920F3}.Release|Any CPU.ActiveCfg = Release|Any CPU
		{62B330A5-1964-49B6-957B-CCF8948920F3}.Release|Any CPU.Build.0 = Release|Any CPU
		{9255917A-E4C8-4D0F-B841-75410E47F987}.Debug|Any CPU.ActiveCfg = Debug|Any CPU
		{9255917A-E4C8-4D0F-B841-75410E47F987}.Debug|Any CPU.Build.0 = Debug|Any CPU
		{9255917A-E4C8-4D0F-B841-75410E47F987}.Release|Any CPU.ActiveCfg = Release|Any CPU
		{9255917A-E4C8-4D0F-B841-75410E47F987}.Release|Any CPU.Build.0 = Release|Any CPU
		{D90003A2-D6AA-4355-A00F-E4B6F9479FF2}.Debug|Any CPU.ActiveCfg = Debug|Any CPU
		{D90003A2-D6AA-4355-A00F-E4B6F9479FF2}.Debug|Any CPU.Build.0 = Debug|Any CPU
		{D90003A2-D6AA-4355-A00F-E4B6F9479FF2}.Release|Any CPU.ActiveCfg = Release|Any CPU
		{D90003A2-D6AA-4355-A00F-E4B6F9479FF2}.Release|Any CPU.Build.0 = Release|Any CPU
		{F7B4CE82-1779-470C-B61A-6A287A2F4A08}.Debug|Any CPU.ActiveCfg = Debug|Any CPU
		{F7B4CE82-1779-470C-B61A-6A287A2F4A08}.Debug|Any CPU.Build.0 = Debug|Any CPU
		{F7B4CE82-1779-470C-B61A-6A287A2F4A08}.Release|Any CPU.ActiveCfg = Release|Any CPU
		{F7B4CE82-1779-470C-B61A-6A287A2F4A08}.Release|Any CPU.Build.0 = Release|Any CPU
	EndGlobalSection
	GlobalSection(SolutionProperties) = preSolution
		HideSolutionNode = FALSE
	EndGlobalSection
	GlobalSection(NestedProjects) = preSolution
		{FC37FA10-3511-410F-ADB4-9F81D6A8879B} = {3D1BB81F-FA30-4DB7-9B26-EFB6339C0753}
		{0FA077FC-F185-4079-A986-D0116AE54358} = {1D436349-67B0-4DD1-858D-6E2F8C93F78D}
		{4D75432C-F354-4F13-8976-EC218641DBF1} = {1D436349-67B0-4DD1-858D-6E2F8C93F78D}
		{0FF9EAA9-B04F-408B-B884-15EC69AAB431} = {49364674-F780-4E61-8C83-C3D593925C7A}
		{0DEB6B8D-9EF4-4BD9-AD1E-F164356AE124} = {49364674-F780-4E61-8C83-C3D593925C7A}
		{29E26509-C212-4943-BE37-12AE5B729E00} = {49364674-F780-4E61-8C83-C3D593925C7A}
		{F9EC21E1-A443-4443-891C-373B11FB687E} = {49364674-F780-4E61-8C83-C3D593925C7A}
		{A513E59D-1A9F-4A41-83EC-992051423DBB} = {950423F4-4D14-41E7-8B3C-DB711D78EE78}
		{9255917A-E4C8-4D0F-B841-75410E47F987} = {C093489C-DE20-4A54-8E9F-64F63035229E}
		{D90003A2-D6AA-4355-A00F-E4B6F9479FF2} = {C093489C-DE20-4A54-8E9F-64F63035229E}
		{F7B4CE82-1779-470C-B61A-6A287A2F4A08} = {6136AF21-8792-4531-BCE4-B3F2FAED6BF2}
	EndGlobalSection
	GlobalSection(ExtensibilityGlobals) = postSolution
		SolutionGuid = {97AF1479-BA23-4800-9744-31C36DFF9195}
	EndGlobalSection
EndGlobal
